<?xml version="1.0" encoding="utf-8"?>
<Project ToolsVersion="4.0" xmlns="http://schemas.microsoft.com/developer/msbuild/2003">
  <ItemGroup>
    <ClCompile Include="stdafx.cpp" />
    <ClCompile Include="informationview.cpp">
      <Filter>view</Filter>
    </ClCompile>
    <ClCompile Include="mapview.cpp">
      <Filter>view</Filter>
    </ClCompile>
    <ClCompile Include="observerview.cpp">
      <Filter>view</Filter>
    </ClCompile>
    <ClCompile Include="worldviewer.cpp" />
    <ClCompile Include="navigationview.cpp">
      <Filter>view</Filter>
    </ClCompile>
    <ClCompile Include="global.cpp" />
  </ItemGroup>
  <ItemGroup>
    <ClInclude Include="stdafx.h" />
    <ClInclude Include="informationview.h">
      <Filter>view</Filter>
    </ClInclude>
    <ClInclude Include="mapview.h">
      <Filter>view</Filter>
    </ClInclude>
    <ClInclude Include="observerview.h">
      <Filter>view</Filter>
    </ClInclude>
    <ClInclude Include="worldviewer.h" />
    <ClInclude Include="navigationview.h">
      <Filter>view</Filter>
    </ClInclude>
    <ClInclude Include="global.h" />
  </ItemGroup>
  <ItemGroup>
    <Filter Include="view">
      <UniqueIdentifier>{c340b6c8-956b-4052-aba2-63b7458f079b}</UniqueIdentifier>
    </Filter>
  </ItemGroup>
</Project>