<?xml version="1.0" encoding="utf-8"?>
<Project ToolsVersion="4.0" xmlns="http://schemas.microsoft.com/developer/msbuild/2003">
  <ItemGroup>
    <Filter Include="Source Files">
      <UniqueIdentifier>{4FC737F1-C7A5-4376-A066-2A32D752A2FF}</UniqueIdentifier>
      <Extensions>cpp;c;cc;cxx;def;odl;idl;hpj;bat;asm;asmx</Extensions>
    </Filter>
    <Filter Include="Header Files">
      <UniqueIdentifier>{93995380-89BD-4b04-88EB-625FBE52EBFB}</UniqueIdentifier>
      <Extensions>h;hh;hpp;hxx;hm;inl;inc;xsd</Extensions>
    </Filter>
  </ItemGroup>
  <ItemGroup>
    <ClInclude Include="stdafx.h">
      <Filter>Header Files</Filter>
    </ClInclude>
    <ClInclude Include="targetver.h">
      <Filter>Header Files</Filter>
    </ClInclude>
    <ClInclude Include="gis.h">
      <Filter>Header Files</Filter>
    </ClInclude>
    <ClInclude Include="heightmap.h">
      <Filter>Header Files</Filter>
    </ClInclude>
    <ClInclude Include="poireader.h">
      <Filter>Header Files</Filter>
    </ClInclude>
    <ClInclude Include="quadtile.h">
      <Filter>Header Files</Filter>
    </ClInclude>
    <ClInclude Include="quadtilemanager.h">
      <Filter>Header Files</Filter>
    </ClInclude>
    <ClInclude Include="quadtree.h">
      <Filter>Header Files</Filter>
    </ClInclude>
    <ClInclude Include="real3dmodelindexreader.h">
      <Filter>Header Files</Filter>
    </ClInclude>
    <ClInclude Include="root.h">
      <Filter>Header Files</Filter>
    </ClInclude>
    <ClInclude Include="route.h">
      <Filter>Header Files</Filter>
    </ClInclude>
    <ClInclude Include="taskwebdownload.h">
      <Filter>Header Files</Filter>
    </ClInclude>
    <ClInclude Include="terrainquadtree.h">
      <Filter>Header Files</Filter>
    </ClInclude>
    <ClInclude Include="tiletexture.h">
      <Filter>Header Files</Filter>
    </ClInclude>
    <ClInclude Include="triangulate.h">
      <Filter>Header Files</Filter>
    </ClInclude>
    <ClInclude Include="UTM.h">
      <Filter>Header Files</Filter>
    </ClInclude>
    <ClInclude Include="vworldwebdownloader.h">
      <Filter>Header Files</Filter>
    </ClInclude>
    <ClInclude Include="webdownload.h">
      <Filter>Header Files</Filter>
    </ClInclude>
    <ClInclude Include="xdoreader.h">
      <Filter>Header Files</Filter>
    </ClInclude>
    <ClInclude Include="CFW1StateSaver.h">
      <Filter>Header Files</Filter>
    </ClInclude>
  </ItemGroup>
  <ItemGroup>
    <ClCompile Include="stdafx.cpp">
      <Filter>Source Files</Filter>
    </ClCompile>
    <ClCompile Include="gis.cpp">
      <Filter>Source Files</Filter>
    </ClCompile>
    <ClCompile Include="heightmap.cpp">
      <Filter>Source Files</Filter>
    </ClCompile>
    <ClCompile Include="poireader.cpp">
      <Filter>Source Files</Filter>
    </ClCompile>
    <ClCompile Include="quadtile.cpp">
      <Filter>Source Files</Filter>
    </ClCompile>
    <ClCompile Include="quadtilemanager.cpp">
      <Filter>Source Files</Filter>
    </ClCompile>
    <ClCompile Include="real3dmodelindexreader.cpp">
      <Filter>Source Files</Filter>
    </ClCompile>
    <ClCompile Include="route.cpp">
      <Filter>Source Files</Filter>
    </ClCompile>
    <ClCompile Include="taskwebdownload.cpp">
      <Filter>Source Files</Filter>
    </ClCompile>
    <ClCompile Include="terrainquadtree.cpp">
      <Filter>Source Files</Filter>
    </ClCompile>
    <ClCompile Include="tiletexture.cpp">
      <Filter>Source Files</Filter>
    </ClCompile>
    <ClCompile Include="triangulate.cpp">
      <Filter>Source Files</Filter>
    </ClCompile>
    <ClCompile Include="UTM.cpp">
      <Filter>Source Files</Filter>
    </ClCompile>
    <ClCompile Include="vworldwebdownloader.cpp">
      <Filter>Source Files</Filter>
    </ClCompile>
    <ClCompile Include="xdoreader.cpp">
      <Filter>Source Files</Filter>
    </ClCompile>
    <ClCompile Include="CFW1StateSaver.cpp">
      <Filter>Source Files</Filter>
    </ClCompile>
  </ItemGroup>
</Project>