<?xml version="1.0" encoding="utf-8"?>
<Project ToolsVersion="4.0" xmlns="http://schemas.microsoft.com/developer/msbuild/2003">
  <ItemGroup>
    <Filter Include="tile">
      <UniqueIdentifier>{94565f62-d598-4ad8-8575-eaa5225d0db5}</UniqueIdentifier>
    </Filter>
    <Filter Include="geo">
      <UniqueIdentifier>{1d3c4452-ee5b-4675-a8a6-2fb86b417ca4}</UniqueIdentifier>
    </Filter>
    <Filter Include="download">
      <UniqueIdentifier>{303301bd-3d0b-46bb-b349-439d12d59498}</UniqueIdentifier>
    </Filter>
    <Filter Include="lib">
      <UniqueIdentifier>{bfa3eccf-4a23-4113-997d-585aafbbef82}</UniqueIdentifier>
    </Filter>
    <Filter Include="tile2">
      <UniqueIdentifier>{616dc572-0a12-41d1-8fef-bfe4e435a6b5}</UniqueIdentifier>
    </Filter>
  </ItemGroup>
  <ItemGroup>
    <ClInclude Include="gis.h" />
    <ClInclude Include="stdafx.h" />
    <ClInclude Include="download\geodownloader.h">
      <Filter>download</Filter>
    </ClInclude>
    <ClInclude Include="download\taskwebdownload.h">
      <Filter>download</Filter>
    </ClInclude>
    <ClInclude Include="download\webdownload.h">
      <Filter>download</Filter>
    </ClInclude>
    <ClInclude Include="geo\poireader.h">
      <Filter>geo</Filter>
    </ClInclude>
    <ClInclude Include="geo\real3dmodelindexreader.h">
      <Filter>geo</Filter>
    </ClInclude>
    <ClInclude Include="geo\shapefileloader.h">
      <Filter>geo</Filter>
    </ClInclude>
    <ClInclude Include="geo\xdoreader.h">
      <Filter>geo</Filter>
    </ClInclude>
    <ClInclude Include="lib\CFW1StateSaver.h">
      <Filter>lib</Filter>
    </ClInclude>
    <ClInclude Include="lib\route.h">
      <Filter>lib</Filter>
    </ClInclude>
    <ClInclude Include="lib\UTM.h">
      <Filter>lib</Filter>
    </ClInclude>
    <ClInclude Include="tile\heightmap.h">
      <Filter>tile</Filter>
    </ClInclude>
    <ClInclude Include="tile\heightmap2.h">
      <Filter>tile</Filter>
    </ClInclude>
    <ClInclude Include="tile\quadtile.h">
      <Filter>tile</Filter>
    </ClInclude>
    <ClInclude Include="tile\quadtilemanager.h">
      <Filter>tile</Filter>
    </ClInclude>
    <ClInclude Include="tile\quadtree.h">
      <Filter>tile</Filter>
    </ClInclude>
    <ClInclude Include="tile\terrainquadtree.h">
      <Filter>tile</Filter>
    </ClInclude>
    <ClInclude Include="tile\tiletexture.h">
      <Filter>tile</Filter>
    </ClInclude>
    <ClInclude Include="tile\triangulate.h">
      <Filter>tile</Filter>
    </ClInclude>
    <ClInclude Include="tile2\qterrain.h">
      <Filter>tile2</Filter>
    </ClInclude>
    <ClInclude Include="tile2\quadtree2.h">
      <Filter>tile2</Filter>
    </ClInclude>
    <ClInclude Include="tile2\tilemanager.h">
      <Filter>tile2</Filter>
    </ClInclude>
    <ClInclude Include="tile2\qtile.h">
      <Filter>tile2</Filter>
    </ClInclude>
    <ClInclude Include="download\taskarcgisdownload.h">
      <Filter>download</Filter>
    </ClInclude>
    <ClInclude Include="tile2\heightmap3.h">
      <Filter>tile2</Filter>
    </ClInclude>
    <ClInclude Include="gis2.h" />
    <ClInclude Include="tile2\cntzimg.h">
      <Filter>tile2</Filter>
    </ClInclude>
  </ItemGroup>
  <ItemGroup>
    <ClCompile Include="gis.cpp" />
    <ClCompile Include="stdafx.cpp" />
    <ClCompile Include="download\geodownloader.cpp">
      <Filter>download</Filter>
    </ClCompile>
    <ClCompile Include="download\taskwebdownload.cpp">
      <Filter>download</Filter>
    </ClCompile>
    <ClCompile Include="download\webdownload.cpp">
      <Filter>download</Filter>
    </ClCompile>
    <ClCompile Include="geo\poireader.cpp">
      <Filter>geo</Filter>
    </ClCompile>
    <ClCompile Include="geo\real3dmodelindexreader.cpp">
      <Filter>geo</Filter>
    </ClCompile>
    <ClCompile Include="geo\shapefileloader.cpp">
      <Filter>geo</Filter>
    </ClCompile>
    <ClCompile Include="geo\xdoreader.cpp">
      <Filter>geo</Filter>
    </ClCompile>
    <ClCompile Include="lib\CFW1StateSaver.cpp">
      <Filter>lib</Filter>
    </ClCompile>
    <ClCompile Include="lib\route.cpp">
      <Filter>lib</Filter>
    </ClCompile>
    <ClCompile Include="lib\UTM.cpp">
      <Filter>lib</Filter>
    </ClCompile>
    <ClCompile Include="tile\heightmap.cpp">
      <Filter>tile</Filter>
    </ClCompile>
    <ClCompile Include="tile\heightmap2.cpp">
      <Filter>tile</Filter>
    </ClCompile>
    <ClCompile Include="tile\quadtile.cpp">
      <Filter>tile</Filter>
    </ClCompile>
    <ClCompile Include="tile\quadtilemanager.cpp">
      <Filter>tile</Filter>
    </ClCompile>
    <ClCompile Include="tile\terrainquadtree.cpp">
      <Filter>tile</Filter>
    </ClCompile>
    <ClCompile Include="tile\tiletexture.cpp">
      <Filter>tile</Filter>
    </ClCompile>
    <ClCompile Include="tile\triangulate.cpp">
      <Filter>tile</Filter>
    </ClCompile>
    <ClCompile Include="tile2\qterrain.cpp">
      <Filter>tile2</Filter>
    </ClCompile>
    <ClCompile Include="tile2\tilemanager.cpp">
      <Filter>tile2</Filter>
    </ClCompile>
    <ClCompile Include="tile2\qtile.cpp">
      <Filter>tile2</Filter>
    </ClCompile>
    <ClCompile Include="download\taskarcgisdownload.cpp">
      <Filter>download</Filter>
    </ClCompile>
    <ClCompile Include="tile2\heightmap3.cpp">
      <Filter>tile2</Filter>
    </ClCompile>
    <ClCompile Include="gis2.cpp" />
    <ClCompile Include="tile2\cntzimg.cpp">
      <Filter>tile2</Filter>
    </ClCompile>
  </ItemGroup>
</Project>