<?xml version="1.0" encoding="utf-8"?>
<Project ToolsVersion="4.0" xmlns="http://schemas.microsoft.com/developer/msbuild/2003">
  <ItemGroup>
    <Filter Include="tile">
      <UniqueIdentifier>{94565f62-d598-4ad8-8575-eaa5225d0db5}</UniqueIdentifier>
    </Filter>
    <Filter Include="geo">
      <UniqueIdentifier>{1d3c4452-ee5b-4675-a8a6-2fb86b417ca4}</UniqueIdentifier>
    </Filter>
    <Filter Include="download">
      <UniqueIdentifier>{303301bd-3d0b-46bb-b349-439d12d59498}</UniqueIdentifier>
    </Filter>
    <Filter Include="lib">
      <UniqueIdentifier>{bfa3eccf-4a23-4113-997d-585aafbbef82}</UniqueIdentifier>
    </Filter>
  </ItemGroup>
  <ItemGroup>
    <ClInclude Include="poireader.h">
      <Filter>geo</Filter>
    </ClInclude>
    <ClInclude Include="xdoreader.h">
      <Filter>geo</Filter>
    </ClInclude>
    <ClInclude Include="real3dmodelindexreader.h">
      <Filter>geo</Filter>
    </ClInclude>
    <ClInclude Include="quadtile.h">
      <Filter>tile</Filter>
    </ClInclude>
    <ClInclude Include="quadtilemanager.h">
      <Filter>tile</Filter>
    </ClInclude>
    <ClInclude Include="quadtree.h">
      <Filter>tile</Filter>
    </ClInclude>
    <ClInclude Include="heightmap.h">
      <Filter>tile</Filter>
    </ClInclude>
    <ClInclude Include="terrainquadtree.h">
      <Filter>tile</Filter>
    </ClInclude>
    <ClInclude Include="triangulate.h">
      <Filter>tile</Filter>
    </ClInclude>
    <ClInclude Include="tiletexture.h">
      <Filter>tile</Filter>
    </ClInclude>
    <ClInclude Include="webdownload.h">
      <Filter>download</Filter>
    </ClInclude>
    <ClInclude Include="taskwebdownload.h">
      <Filter>download</Filter>
    </ClInclude>
    <ClInclude Include="gis.h" />
    <ClInclude Include="stdafx.h" />
    <ClInclude Include="root.h">
      <Filter>tile</Filter>
    </ClInclude>
    <ClInclude Include="route.h">
      <Filter>lib</Filter>
    </ClInclude>
    <ClInclude Include="UTM.h">
      <Filter>lib</Filter>
    </ClInclude>
    <ClInclude Include="CFW1StateSaver.h">
      <Filter>lib</Filter>
    </ClInclude>
    <ClInclude Include="geodownloader.h">
      <Filter>download</Filter>
    </ClInclude>
    <ClInclude Include="heightmap2.h">
      <Filter>tile</Filter>
    </ClInclude>
    <ClInclude Include="shapefileloader.h">
      <Filter>geo</Filter>
    </ClInclude>
  </ItemGroup>
  <ItemGroup>
    <ClCompile Include="xdoreader.cpp">
      <Filter>geo</Filter>
    </ClCompile>
    <ClCompile Include="real3dmodelindexreader.cpp">
      <Filter>geo</Filter>
    </ClCompile>
    <ClCompile Include="poireader.cpp">
      <Filter>geo</Filter>
    </ClCompile>
    <ClCompile Include="heightmap.cpp">
      <Filter>tile</Filter>
    </ClCompile>
    <ClCompile Include="quadtile.cpp">
      <Filter>tile</Filter>
    </ClCompile>
    <ClCompile Include="quadtilemanager.cpp">
      <Filter>tile</Filter>
    </ClCompile>
    <ClCompile Include="tiletexture.cpp">
      <Filter>tile</Filter>
    </ClCompile>
    <ClCompile Include="triangulate.cpp">
      <Filter>tile</Filter>
    </ClCompile>
    <ClCompile Include="webdownload.cpp">
      <Filter>download</Filter>
    </ClCompile>
    <ClCompile Include="taskwebdownload.cpp">
      <Filter>download</Filter>
    </ClCompile>
    <ClCompile Include="terrainquadtree.cpp">
      <Filter>tile</Filter>
    </ClCompile>
    <ClCompile Include="gis.cpp" />
    <ClCompile Include="stdafx.cpp" />
    <ClCompile Include="route.cpp">
      <Filter>lib</Filter>
    </ClCompile>
    <ClCompile Include="UTM.cpp">
      <Filter>lib</Filter>
    </ClCompile>
    <ClCompile Include="CFW1StateSaver.cpp">
      <Filter>lib</Filter>
    </ClCompile>
    <ClCompile Include="geodownloader.cpp">
      <Filter>download</Filter>
    </ClCompile>
    <ClCompile Include="heightmap2.cpp">
      <Filter>tile</Filter>
    </ClCompile>
    <ClCompile Include="shapefileloader.cpp">
      <Filter>geo</Filter>
    </ClCompile>
  </ItemGroup>
</Project>