<?xml version="1.0" encoding="utf-8"?>
<Project ToolsVersion="4.0" xmlns="http://schemas.microsoft.com/developer/msbuild/2003">
  <ItemGroup>
    <Filter Include="lib">
      <UniqueIdentifier>{94af8826-0ff7-43b7-8879-849e9e8abc1e}</UniqueIdentifier>
    </Filter>
    <Filter Include="path">
      <UniqueIdentifier>{1a5e8435-0154-4b7a-8a1f-a17bef4cab59}</UniqueIdentifier>
    </Filter>
    <Filter Include="view">
      <UniqueIdentifier>{8573f3ee-b8a3-4a21-aec5-5411926e28c6}</UniqueIdentifier>
    </Filter>
    <Filter Include="protocol_src">
      <UniqueIdentifier>{65549a51-80e2-4d95-a748-04103de5ead6}</UniqueIdentifier>
    </Filter>
  </ItemGroup>
  <ItemGroup>
    <ClCompile Include="carnavi.cpp" />
    <ClCompile Include="global.cpp" />
    <ClCompile Include="stdafx.cpp" />
    <ClCompile Include="informationview.cpp">
      <Filter>view</Filter>
    </ClCompile>
    <ClCompile Include="navigationview.cpp">
      <Filter>view</Filter>
    </ClCompile>
    <ClCompile Include="mapview.cpp">
      <Filter>view</Filter>
    </ClCompile>
    <ClCompile Include="landmark.cpp">
      <Filter>path</Filter>
    </ClCompile>
    <ClCompile Include="path.cpp">
      <Filter>path</Filter>
    </ClCompile>
    <ClCompile Include="pathrenderer.cpp">
      <Filter>path</Filter>
    </ClCompile>
    <ClCompile Include="gpsclient.cpp">
      <Filter>lib</Filter>
    </ClCompile>
    <ClCompile Include="obd2.cpp">
      <Filter>lib</Filter>
    </ClCompile>
    <ClCompile Include="touch.cpp">
      <Filter>lib</Filter>
    </ClCompile>
    <ClCompile Include="..\Protocol\Src\gps_Protocol.cpp">
      <Filter>protocol_src</Filter>
    </ClCompile>
    <ClCompile Include="..\Protocol\Src\gps_ProtocolHandler.cpp">
      <Filter>protocol_src</Filter>
    </ClCompile>
    <ClCompile Include="pathcompare.cpp">
      <Filter>path</Filter>
    </ClCompile>
  </ItemGroup>
  <ItemGroup>
    <ClInclude Include="carnavi.h" />
    <ClInclude Include="global.h" />
    <ClInclude Include="stdafx.h" />
    <ClInclude Include="informationview.h">
      <Filter>view</Filter>
    </ClInclude>
    <ClInclude Include="navigationview.h">
      <Filter>view</Filter>
    </ClInclude>
    <ClInclude Include="mapview.h">
      <Filter>view</Filter>
    </ClInclude>
    <ClInclude Include="landmark.h">
      <Filter>path</Filter>
    </ClInclude>
    <ClInclude Include="path.h">
      <Filter>path</Filter>
    </ClInclude>
    <ClInclude Include="pathrenderer.h">
      <Filter>path</Filter>
    </ClInclude>
    <ClInclude Include="gpsclient.h">
      <Filter>lib</Filter>
    </ClInclude>
    <ClInclude Include="obd2.h">
      <Filter>lib</Filter>
    </ClInclude>
    <ClInclude Include="touch.h">
      <Filter>lib</Filter>
    </ClInclude>
    <ClInclude Include="utility.h">
      <Filter>lib</Filter>
    </ClInclude>
    <ClInclude Include="..\Protocol\Src\gps_Protocol.h">
      <Filter>protocol_src</Filter>
    </ClInclude>
    <ClInclude Include="..\Protocol\Src\gps_ProtocolData.h">
      <Filter>protocol_src</Filter>
    </ClInclude>
    <ClInclude Include="..\Protocol\Src\gps_ProtocolHandler.h">
      <Filter>protocol_src</Filter>
    </ClInclude>
    <ClInclude Include="pathcompare.h">
      <Filter>path</Filter>
    </ClInclude>
  </ItemGroup>
</Project>