
Microsoft Visual Studio Solution File, Format Version 12.00
# Visual Studio 15
VisualStudioVersion = 15.0.27130.2010
MinimumVisualStudioVersion = 10.0.40219.1
Project("{8BC9CEB8-8B4A-11D0-8D11-00A0C91BC942}") = "WorldViewer_VS2017", "WorldViewer\WorldViewer_VS2017.vcxproj", "{E77B79F6-B9A8-4557-A0DE-6D8872C55CD4}"
EndProject
Project("{8BC9CEB8-8B4A-11D0-8D11-00A0C91BC942}") = "AI", "..\..\Common\AI\AI.vcxproj", "{C7F9EBA2-B553-483B-BC34-D25F1C718255}"
EndProject
Project("{8BC9CEB8-8B4A-11D0-8D11-00A0C91BC942}") = "Common", "..\..\Common\Common\Common.vcxproj", "{EF9CA22D-0C8F-42E9-AB66-98BC1A640F10}"
EndProject
Project("{8BC9CEB8-8B4A-11D0-8D11-00A0C91BC942}") = "Graphic11", "..\..\Common\Graphic11\Graphic11.vcxproj", "{6E994653-A69C-4BE2-B830-97676E805F29}"
EndProject
Project("{8BC9CEB8-8B4A-11D0-8D11-00A0C91BC942}") = "Framework11", "..\..\Common\Framework11\Framework11.vcxproj", "{89878D3E-85AC-4E0B-87EB-2DE34A18EADF}"
EndProject
Project("{8BC9CEB8-8B4A-11D0-8D11-00A0C91BC942}") = "DirectXTK_Desktop_2017", "..\..\DirectXTK\DirectXTK_Desktop_2017.vcxproj", "{E0B52AE7-E160-4D32-BF3F-910B785E5A8E}"
EndProject
Project("{8BC9CEB8-8B4A-11D0-8D11-00A0C91BC942}") = "GIS", "GIS\GIS.vcxproj", "{A72EBAC6-BC32-4D0D-B2A1-E5009FB04F6B}"
EndProject
Project("{8BC9CEB8-8B4A-11D0-8D11-00A0C91BC942}") = "Network2-VS2017", "..\..\Common\Network2\Network2-VS2017.vcxproj", "{B98E9721-F7A3-4E2D-A7A1-7708CB2D0D6E}"
EndProject
Project("{8BC9CEB8-8B4A-11D0-8D11-00A0C91BC942}") = "GpsParser", "GpsParser\GpsParser.vcxproj", "{9DA23EC0-BC9E-4418-A5B6-295082418A8A}"
EndProject
Global
	GlobalSection(SolutionConfigurationPlatforms) = preSolution
		Debug_MD|x64 = Debug_MD|x64
		Debug_MD|x86 = Debug_MD|x86
		Debug_MT|x64 = Debug_MT|x64
		Debug_MT|x86 = Debug_MT|x86
		Debug|x64 = Debug|x64
		Debug|x86 = Debug|x86
		Release_MD|x64 = Release_MD|x64
		Release_MD|x86 = Release_MD|x86
		Release|x64 = Release|x64
		Release|x86 = Release|x86
	EndGlobalSection
	GlobalSection(ProjectConfigurationPlatforms) = postSolution
		{E77B79F6-B9A8-4557-A0DE-6D8872C55CD4}.Debug_MD|x64.ActiveCfg = Debug|x64
		{E77B79F6-B9A8-4557-A0DE-6D8872C55CD4}.Debug_MD|x64.Build.0 = Debug|x64
		{E77B79F6-B9A8-4557-A0DE-6D8872C55CD4}.Debug_MD|x86.ActiveCfg = Debug|Win32
		{E77B79F6-B9A8-4557-A0DE-6D8872C55CD4}.Debug_MD|x86.Build.0 = Debug|Win32
		{E77B79F6-B9A8-4557-A0DE-6D8872C55CD4}.Debug_MT|x64.ActiveCfg = Debug|x64
		{E77B79F6-B9A8-4557-A0DE-6D8872C55CD4}.Debug_MT|x64.Build.0 = Debug|x64
		{E77B79F6-B9A8-4557-A0DE-6D8872C55CD4}.Debug_MT|x86.ActiveCfg = Debug|Win32
		{E77B79F6-B9A8-4557-A0DE-6D8872C55CD4}.Debug_MT|x86.Build.0 = Debug|Win32
		{E77B79F6-B9A8-4557-A0DE-6D8872C55CD4}.Debug|x64.ActiveCfg = Debug|x64
		{E77B79F6-B9A8-4557-A0DE-6D8872C55CD4}.Debug|x64.Build.0 = Debug|x64
		{E77B79F6-B9A8-4557-A0DE-6D8872C55CD4}.Debug|x86.ActiveCfg = Debug|Win32
		{E77B79F6-B9A8-4557-A0DE-6D8872C55CD4}.Debug|x86.Build.0 = Debug|Win32
		{E77B79F6-B9A8-4557-A0DE-6D8872C55CD4}.Release_MD|x64.ActiveCfg = Release|x64
		{E77B79F6-B9A8-4557-A0DE-6D8872C55CD4}.Release_MD|x64.Build.0 = Release|x64
		{E77B79F6-B9A8-4557-A0DE-6D8872C55CD4}.Release_MD|x86.ActiveCfg = Release|Win32
		{E77B79F6-B9A8-4557-A0DE-6D8872C55CD4}.Release_MD|x86.Build.0 = Release|Win32
		{E77B79F6-B9A8-4557-A0DE-6D8872C55CD4}.Release|x64.ActiveCfg = Release|x64
		{E77B79F6-B9A8-4557-A0DE-6D8872C55CD4}.Release|x64.Build.0 = Release|x64
		{E77B79F6-B9A8-4557-A0DE-6D8872C55CD4}.Release|x86.ActiveCfg = Release|Win32
		{E77B79F6-B9A8-4557-A0DE-6D8872C55CD4}.Release|x86.Build.0 = Release|Win32
		{C7F9EBA2-B553-483B-BC34-D25F1C718255}.Debug_MD|x64.ActiveCfg = Debug_MD|Win32
		{C7F9EBA2-B553-483B-BC34-D25F1C718255}.Debug_MD|x86.ActiveCfg = Debug_MD|Win32
		{C7F9EBA2-B553-483B-BC34-D25F1C718255}.Debug_MD|x86.Build.0 = Debug_MD|Win32
		{C7F9EBA2-B553-483B-BC34-D25F1C718255}.Debug_MT|x64.ActiveCfg = Debug_MD|Win32
		{C7F9EBA2-B553-483B-BC34-D25F1C718255}.Debug_MT|x64.Build.0 = Debug_MD|Win32
		{C7F9EBA2-B553-483B-BC34-D25F1C718255}.Debug_MT|x86.ActiveCfg = Debug_MD|Win32
		{C7F9EBA2-B553-483B-BC34-D25F1C718255}.Debug_MT|x86.Build.0 = Debug_MD|Win32
		{C7F9EBA2-B553-483B-BC34-D25F1C718255}.Debug|x64.ActiveCfg = Debug|Win32
		{C7F9EBA2-B553-483B-BC34-D25F1C718255}.Debug|x86.ActiveCfg = Debug|Win32
		{C7F9EBA2-B553-483B-BC34-D25F1C718255}.Debug|x86.Build.0 = Debug|Win32
		{C7F9EBA2-B553-483B-BC34-D25F1C718255}.Release_MD|x64.ActiveCfg = Debug_MD|Win32
		{C7F9EBA2-B553-483B-BC34-D25F1C718255}.Release_MD|x64.Build.0 = Debug_MD|Win32
		{C7F9EBA2-B553-483B-BC34-D25F1C718255}.Release_MD|x86.ActiveCfg = Release|Win32
		{C7F9EBA2-B553-483B-BC34-D25F1C718255}.Release_MD|x86.Build.0 = Release|Win32
		{C7F9EBA2-B553-483B-BC34-D25F1C718255}.Release|x64.ActiveCfg = Release|Win32
		{C7F9EBA2-B553-483B-BC34-D25F1C718255}.Release|x86.ActiveCfg = Release|Win32
		{C7F9EBA2-B553-483B-BC34-D25F1C718255}.Release|x86.Build.0 = Release|Win32
		{EF9CA22D-0C8F-42E9-AB66-98BC1A640F10}.Debug_MD|x64.ActiveCfg = Debug_MD|x64
		{EF9CA22D-0C8F-42E9-AB66-98BC1A640F10}.Debug_MD|x64.Build.0 = Debug_MD|x64
		{EF9CA22D-0C8F-42E9-AB66-98BC1A640F10}.Debug_MD|x86.ActiveCfg = Debug_MD|Win32
		{EF9CA22D-0C8F-42E9-AB66-98BC1A640F10}.Debug_MD|x86.Build.0 = Debug_MD|Win32
		{EF9CA22D-0C8F-42E9-AB66-98BC1A640F10}.Debug_MT|x64.ActiveCfg = Debug_MT|x64
		{EF9CA22D-0C8F-42E9-AB66-98BC1A640F10}.Debug_MT|x64.Build.0 = Debug_MT|x64
		{EF9CA22D-0C8F-42E9-AB66-98BC1A640F10}.Debug_MT|x86.ActiveCfg = Debug_MT|Win32
		{EF9CA22D-0C8F-42E9-AB66-98BC1A640F10}.Debug_MT|x86.Build.0 = Debug_MT|Win32
		{EF9CA22D-0C8F-42E9-AB66-98BC1A640F10}.Debug|x64.ActiveCfg = Debug|x64
		{EF9CA22D-0C8F-42E9-AB66-98BC1A640F10}.Debug|x64.Build.0 = Debug|x64
		{EF9CA22D-0C8F-42E9-AB66-98BC1A640F10}.Debug|x86.ActiveCfg = Debug|Win32
		{EF9CA22D-0C8F-42E9-AB66-98BC1A640F10}.Debug|x86.Build.0 = Debug|Win32
		{EF9CA22D-0C8F-42E9-AB66-98BC1A640F10}.Release_MD|x64.ActiveCfg = Release_MD|x64
		{EF9CA22D-0C8F-42E9-AB66-98BC1A640F10}.Release_MD|x64.Build.0 = Release_MD|x64
		{EF9CA22D-0C8F-42E9-AB66-98BC1A640F10}.Release_MD|x86.ActiveCfg = Release_MD|Win32
		{EF9CA22D-0C8F-42E9-AB66-98BC1A640F10}.Release_MD|x86.Build.0 = Release_MD|Win32
		{EF9CA22D-0C8F-42E9-AB66-98BC1A640F10}.Release|x64.ActiveCfg = Release|x64
		{EF9CA22D-0C8F-42E9-AB66-98BC1A640F10}.Release|x64.Build.0 = Release|x64
		{EF9CA22D-0C8F-42E9-AB66-98BC1A640F10}.Release|x86.ActiveCfg = Release|Win32
		{EF9CA22D-0C8F-42E9-AB66-98BC1A640F10}.Release|x86.Build.0 = Release|Win32
		{6E994653-A69C-4BE2-B830-97676E805F29}.Debug_MD|x64.ActiveCfg = Debug|x64
		{6E994653-A69C-4BE2-B830-97676E805F29}.Debug_MD|x64.Build.0 = Debug|x64
		{6E994653-A69C-4BE2-B830-97676E805F29}.Debug_MD|x86.ActiveCfg = Debug|Win32
		{6E994653-A69C-4BE2-B830-97676E805F29}.Debug_MD|x86.Build.0 = Debug|Win32
		{6E994653-A69C-4BE2-B830-97676E805F29}.Debug_MT|x64.ActiveCfg = Debug|x64
		{6E994653-A69C-4BE2-B830-97676E805F29}.Debug_MT|x64.Build.0 = Debug|x64
		{6E994653-A69C-4BE2-B830-97676E805F29}.Debug_MT|x86.ActiveCfg = Debug|Win32
		{6E994653-A69C-4BE2-B830-97676E805F29}.Debug_MT|x86.Build.0 = Debug|Win32
		{6E994653-A69C-4BE2-B830-97676E805F29}.Debug|x64.ActiveCfg = Debug|x64
		{6E994653-A69C-4BE2-B830-97676E805F29}.Debug|x64.Build.0 = Debug|x64
		{6E994653-A69C-4BE2-B830-97676E805F29}.Debug|x86.ActiveCfg = Debug|Win32
		{6E994653-A69C-4BE2-B830-97676E805F29}.Debug|x86.Build.0 = Debug|Win32
		{6E994653-A69C-4BE2-B830-97676E805F29}.Release_MD|x64.ActiveCfg = Release|x64
		{6E994653-A69C-4BE2-B830-97676E805F29}.Release_MD|x64.Build.0 = Release|x64
		{6E994653-A69C-4BE2-B830-97676E805F29}.Release_MD|x86.ActiveCfg = Release|Win32
		{6E994653-A69C-4BE2-B830-97676E805F29}.Release_MD|x86.Build.0 = Release|Win32
		{6E994653-A69C-4BE2-B830-97676E805F29}.Release|x64.ActiveCfg = Release|x64
		{6E994653-A69C-4BE2-B830-97676E805F29}.Release|x64.Build.0 = Release|x64
		{6E994653-A69C-4BE2-B830-97676E805F29}.Release|x86.ActiveCfg = Release|Win32
		{6E994653-A69C-4BE2-B830-97676E805F29}.Release|x86.Build.0 = Release|Win32
		{89878D3E-85AC-4E0B-87EB-2DE34A18EADF}.Debug_MD|x64.ActiveCfg = Debug|x64
		{89878D3E-85AC-4E0B-87EB-2DE34A18EADF}.Debug_MD|x64.Build.0 = Debug|x64
		{89878D3E-85AC-4E0B-87EB-2DE34A18EADF}.Debug_MD|x86.ActiveCfg = Debug|Win32
		{89878D3E-85AC-4E0B-87EB-2DE34A18EADF}.Debug_MD|x86.Build.0 = Debug|Win32
		{89878D3E-85AC-4E0B-87EB-2DE34A18EADF}.Debug_MT|x64.ActiveCfg = Debug|x64
		{89878D3E-85AC-4E0B-87EB-2DE34A18EADF}.Debug_MT|x64.Build.0 = Debug|x64
		{89878D3E-85AC-4E0B-87EB-2DE34A18EADF}.Debug_MT|x86.ActiveCfg = Debug|Win32
		{89878D3E-85AC-4E0B-87EB-2DE34A18EADF}.Debug_MT|x86.Build.0 = Debug|Win32
		{89878D3E-85AC-4E0B-87EB-2DE34A18EADF}.Debug|x64.ActiveCfg = Debug|x64
		{89878D3E-85AC-4E0B-87EB-2DE34A18EADF}.Debug|x64.Build.0 = Debug|x64
		{89878D3E-85AC-4E0B-87EB-2DE34A18EADF}.Debug|x86.ActiveCfg = Debug|Win32
		{89878D3E-85AC-4E0B-87EB-2DE34A18EADF}.Debug|x86.Build.0 = Debug|Win32
		{89878D3E-85AC-4E0B-87EB-2DE34A18EADF}.Release_MD|x64.ActiveCfg = Release|x64
		{89878D3E-85AC-4E0B-87EB-2DE34A18EADF}.Release_MD|x64.Build.0 = Release|x64
		{89878D3E-85AC-4E0B-87EB-2DE34A18EADF}.Release_MD|x86.ActiveCfg = Release|Win32
		{89878D3E-85AC-4E0B-87EB-2DE34A18EADF}.Release_MD|x86.Build.0 = Release|Win32
		{89878D3E-85AC-4E0B-87EB-2DE34A18EADF}.Release|x64.ActiveCfg = Release|x64
		{89878D3E-85AC-4E0B-87EB-2DE34A18EADF}.Release|x64.Build.0 = Release|x64
		{89878D3E-85AC-4E0B-87EB-2DE34A18EADF}.Release|x86.ActiveCfg = Release|Win32
		{89878D3E-85AC-4E0B-87EB-2DE34A18EADF}.Release|x86.Build.0 = Release|Win32
		{E0B52AE7-E160-4D32-BF3F-910B785E5A8E}.Debug_MD|x64.ActiveCfg = Debug|x64
		{E0B52AE7-E160-4D32-BF3F-910B785E5A8E}.Debug_MD|x64.Build.0 = Debug|x64
		{E0B52AE7-E160-4D32-BF3F-910B785E5A8E}.Debug_MD|x86.ActiveCfg = Debug|Win32
		{E0B52AE7-E160-4D32-BF3F-910B785E5A8E}.Debug_MD|x86.Build.0 = Debug|Win32
		{E0B52AE7-E160-4D32-BF3F-910B785E5A8E}.Debug_MT|x64.ActiveCfg = Debug|x64
		{E0B52AE7-E160-4D32-BF3F-910B785E5A8E}.Debug_MT|x64.Build.0 = Debug|x64
		{E0B52AE7-E160-4D32-BF3F-910B785E5A8E}.Debug_MT|x86.ActiveCfg = Debug|Win32
		{E0B52AE7-E160-4D32-BF3F-910B785E5A8E}.Debug_MT|x86.Build.0 = Debug|Win32
		{E0B52AE7-E160-4D32-BF3F-910B785E5A8E}.Debug|x64.ActiveCfg = Debug|x64
		{E0B52AE7-E160-4D32-BF3F-910B785E5A8E}.Debug|x64.Build.0 = Debug|x64
		{E0B52AE7-E160-4D32-BF3F-910B785E5A8E}.Debug|x86.ActiveCfg = Debug|Win32
		{E0B52AE7-E160-4D32-BF3F-910B785E5A8E}.Debug|x86.Build.0 = Debug|Win32
		{E0B52AE7-E160-4D32-BF3F-910B785E5A8E}.Release_MD|x64.ActiveCfg = Release|x64
		{E0B52AE7-E160-4D32-BF3F-910B785E5A8E}.Release_MD|x64.Build.0 = Release|x64
		{E0B52AE7-E160-4D32-BF3F-910B785E5A8E}.Release_MD|x86.ActiveCfg = Release|Win32
		{E0B52AE7-E160-4D32-BF3F-910B785E5A8E}.Release_MD|x86.Build.0 = Release|Win32
		{E0B52AE7-E160-4D32-BF3F-910B785E5A8E}.Release|x64.ActiveCfg = Release|x64
		{E0B52AE7-E160-4D32-BF3F-910B785E5A8E}.Release|x64.Build.0 = Release|x64
		{E0B52AE7-E160-4D32-BF3F-910B785E5A8E}.Release|x86.ActiveCfg = Release|Win32
		{E0B52AE7-E160-4D32-BF3F-910B785E5A8E}.Release|x86.Build.0 = Release|Win32
		{A72EBAC6-BC32-4D0D-B2A1-E5009FB04F6B}.Debug_MD|x64.ActiveCfg = Debug|x64
		{A72EBAC6-BC32-4D0D-B2A1-E5009FB04F6B}.Debug_MD|x64.Build.0 = Debug|x64
		{A72EBAC6-BC32-4D0D-B2A1-E5009FB04F6B}.Debug_MD|x86.ActiveCfg = Debug|Win32
		{A72EBAC6-BC32-4D0D-B2A1-E5009FB04F6B}.Debug_MD|x86.Build.0 = Debug|Win32
		{A72EBAC6-BC32-4D0D-B2A1-E5009FB04F6B}.Debug_MT|x64.ActiveCfg = Debug|x64
		{A72EBAC6-BC32-4D0D-B2A1-E5009FB04F6B}.Debug_MT|x64.Build.0 = Debug|x64
		{A72EBAC6-BC32-4D0D-B2A1-E5009FB04F6B}.Debug_MT|x86.ActiveCfg = Debug|Win32
		{A72EBAC6-BC32-4D0D-B2A1-E5009FB04F6B}.Debug_MT|x86.Build.0 = Debug|Win32
		{A72EBAC6-BC32-4D0D-B2A1-E5009FB04F6B}.Debug|x64.ActiveCfg = Debug|x64
		{A72EBAC6-BC32-4D0D-B2A1-E5009FB04F6B}.Debug|x64.Build.0 = Debug|x64
		{A72EBAC6-BC32-4D0D-B2A1-E5009FB04F6B}.Debug|x86.ActiveCfg = Debug|Win32
		{A72EBAC6-BC32-4D0D-B2A1-E5009FB04F6B}.Debug|x86.Build.0 = Debug|Win32
		{A72EBAC6-BC32-4D0D-B2A1-E5009FB04F6B}.Release_MD|x64.ActiveCfg = Release|x64
		{A72EBAC6-BC32-4D0D-B2A1-E5009FB04F6B}.Release_MD|x64.Build.0 = Release|x64
		{A72EBAC6-BC32-4D0D-B2A1-E5009FB04F6B}.Release_MD|x86.ActiveCfg = Release|Win32
		{A72EBAC6-BC32-4D0D-B2A1-E5009FB04F6B}.Release_MD|x86.Build.0 = Release|Win32
		{A72EBAC6-BC32-4D0D-B2A1-E5009FB04F6B}.Release|x64.ActiveCfg = Release|x64
		{A72EBAC6-BC32-4D0D-B2A1-E5009FB04F6B}.Release|x64.Build.0 = Release|x64
		{A72EBAC6-BC32-4D0D-B2A1-E5009FB04F6B}.Release|x86.ActiveCfg = Release|Win32
		{A72EBAC6-BC32-4D0D-B2A1-E5009FB04F6B}.Release|x86.Build.0 = Release|Win32
		{B98E9721-F7A3-4E2D-A7A1-7708CB2D0D6E}.Debug_MD|x64.ActiveCfg = Debug|x64
		{B98E9721-F7A3-4E2D-A7A1-7708CB2D0D6E}.Debug_MD|x64.Build.0 = Debug|x64
		{B98E9721-F7A3-4E2D-A7A1-7708CB2D0D6E}.Debug_MD|x86.ActiveCfg = Debug|Win32
		{B98E9721-F7A3-4E2D-A7A1-7708CB2D0D6E}.Debug_MD|x86.Build.0 = Debug|Win32
		{B98E9721-F7A3-4E2D-A7A1-7708CB2D0D6E}.Debug_MT|x64.ActiveCfg = Debug|x64
		{B98E9721-F7A3-4E2D-A7A1-7708CB2D0D6E}.Debug_MT|x64.Build.0 = Debug|x64
		{B98E9721-F7A3-4E2D-A7A1-7708CB2D0D6E}.Debug_MT|x86.ActiveCfg = Debug|Win32
		{B98E9721-F7A3-4E2D-A7A1-7708CB2D0D6E}.Debug_MT|x86.Build.0 = Debug|Win32
		{B98E9721-F7A3-4E2D-A7A1-7708CB2D0D6E}.Debug|x64.ActiveCfg = Debug|x64
		{B98E9721-F7A3-4E2D-A7A1-7708CB2D0D6E}.Debug|x64.Build.0 = Debug|x64
		{B98E9721-F7A3-4E2D-A7A1-7708CB2D0D6E}.Debug|x86.ActiveCfg = Debug|Win32
		{B98E9721-F7A3-4E2D-A7A1-7708CB2D0D6E}.Debug|x86.Build.0 = Debug|Win32
		{B98E9721-F7A3-4E2D-A7A1-7708CB2D0D6E}.Release_MD|x64.ActiveCfg = Release|x64
		{B98E9721-F7A3-4E2D-A7A1-7708CB2D0D6E}.Release_MD|x64.Build.0 = Release|x64
		{B98E9721-F7A3-4E2D-A7A1-7708CB2D0D6E}.Release_MD|x86.ActiveCfg = Release|Win32
		{B98E9721-F7A3-4E2D-A7A1-7708CB2D0D6E}.Release_MD|x86.Build.0 = Release|Win32
		{B98E9721-F7A3-4E2D-A7A1-7708CB2D0D6E}.Release|x64.ActiveCfg = Release|x64
		{B98E9721-F7A3-4E2D-A7A1-7708CB2D0D6E}.Release|x64.Build.0 = Release|x64
		{B98E9721-F7A3-4E2D-A7A1-7708CB2D0D6E}.Release|x86.ActiveCfg = Release|Win32
		{B98E9721-F7A3-4E2D-A7A1-7708CB2D0D6E}.Release|x86.Build.0 = Release|Win32
		{9DA23EC0-BC9E-4418-A5B6-295082418A8A}.Debug_MD|x64.ActiveCfg = Debug|x64
		{9DA23EC0-BC9E-4418-A5B6-295082418A8A}.Debug_MD|x64.Build.0 = Debug|x64
		{9DA23EC0-BC9E-4418-A5B6-295082418A8A}.Debug_MD|x86.ActiveCfg = Debug|Win32
		{9DA23EC0-BC9E-4418-A5B6-295082418A8A}.Debug_MD|x86.Build.0 = Debug|Win32
		{9DA23EC0-BC9E-4418-A5B6-295082418A8A}.Debug_MT|x64.ActiveCfg = Debug|x64
		{9DA23EC0-BC9E-4418-A5B6-295082418A8A}.Debug_MT|x64.Build.0 = Debug|x64
		{9DA23EC0-BC9E-4418-A5B6-295082418A8A}.Debug_MT|x86.ActiveCfg = Debug|Win32
		{9DA23EC0-BC9E-4418-A5B6-295082418A8A}.Debug_MT|x86.Build.0 = Debug|Win32
		{9DA23EC0-BC9E-4418-A5B6-295082418A8A}.Debug|x64.ActiveCfg = Debug|x64
		{9DA23EC0-BC9E-4418-A5B6-295082418A8A}.Debug|x64.Build.0 = Debug|x64
		{9DA23EC0-BC9E-4418-A5B6-295082418A8A}.Debug|x86.ActiveCfg = Debug|Win32
		{9DA23EC0-BC9E-4418-A5B6-295082418A8A}.Debug|x86.Build.0 = Debug|Win32
		{9DA23EC0-BC9E-4418-A5B6-295082418A8A}.Release_MD|x64.ActiveCfg = Release|x64
		{9DA23EC0-BC9E-4418-A5B6-295082418A8A}.Release_MD|x64.Build.0 = Release|x64
		{9DA23EC0-BC9E-4418-A5B6-295082418A8A}.Release_MD|x86.ActiveCfg = Release|Win32
		{9DA23EC0-BC9E-4418-A5B6-295082418A8A}.Release_MD|x86.Build.0 = Release|Win32
		{9DA23EC0-BC9E-4418-A5B6-295082418A8A}.Release|x64.ActiveCfg = Release|x64
		{9DA23EC0-BC9E-4418-A5B6-295082418A8A}.Release|x64.Build.0 = Release|x64
		{9DA23EC0-BC9E-4418-A5B6-295082418A8A}.Release|x86.ActiveCfg = Release|Win32
		{9DA23EC0-BC9E-4418-A5B6-295082418A8A}.Release|x86.Build.0 = Release|Win32
	EndGlobalSection
	GlobalSection(SolutionProperties) = preSolution
		HideSolutionNode = FALSE
	EndGlobalSection
	GlobalSection(ExtensibilityGlobals) = postSolution
		SolutionGuid = {E7195BBB-902B-4272-9988-3D21ECD936D1}
	EndGlobalSection
EndGlobal
